{
  "name": "@digiforma-sync/piece-sync",
  "version": "0.0.1",
  "lockfileVersion": 3,
  "requires": true,
  "packages": {
    "": {
      "name": "@digiforma-sync/piece-sync",
      "version": "0.0.1",
      "dependencies": {
        "@digiforma-sync/piece-sync-common": "1.0.0"
      }
    },
    "node_modules/@digiforma-sync/piece-sync-common": {
      "version": "1.0.0",
      "resolved": "https://npm.pkg.github.com/download/@digiforma-sync/piece-sync-common/1.0.0/e5160f232dd0c07775ba54930c36da38673a1e6c",
      "integrity": "sha512-bX1tmP0N4gNsgjcBoTv9tp5pn+JyrNFld6zFo0Rpd444xoaVV2onQu3bvpPSz5asxcwpMqElPTel4MSig/TQRQ==",
      "license": "ISC"
    }
  }
}
