{
  "name": "@digiforma-sync/piece-sync",
  "version": "0.0.1",
  "lockfileVersion": 3,
  "requires": true,
  "packages": {
    "": {
      "name": "@digiforma-sync/piece-sync",
      "version": "0.0.1",
      "hasInstallScript": true,
      "dependencies": {
        "@digiforma-sync/piece-sync-common": "^1.0.0"
      }
    },
    "node_modules/@digiforma-sync/piece-sync-common": {
      "version": "1.0.1",
      "resolved": "https://npm.pkg.github.com/download/@digiforma-sync/piece-sync-common/1.0.1/024809f526617e157d5aff14d12325dd8450d8b1",
      "integrity": "sha512-mLBimwDJbNO6a0J8C60OfPW76JVb5hMGTpVGHfvKkpE11PuhvcXqrDLTbAhDFZeo4WcfGrHGPSb7d71mRXyTNg==",
      "license": "ISC"
    }
  }
}
